
Microsoft Visual Studio Solution File, Format Version 12.00
# Visual Studio Version 16
VisualStudioVersion = 16.0.30907.101
MinimumVisualStudioVersion = 10.0.40219.1
Project("{FAE04EC0-301F-11D3-BF4B-00C04F79EFBC}") = "SinxPaterm4", "SinxPaterm4\SinxPaterm4.csproj", "{A53BC3AB-14BF-4385-88AF-A94BCD4278A1}"
EndProject
Global
	GlobalSection(SolutionConfigurationPlatforms) = preSolution
		Debug|Any CPU = Debug|Any CPU
		Release|Any CPU = Release|Any CPU
	EndGlobalSection
	GlobalSection(ProjectConfigurationPlatforms) = postSolution
		{A53BC3AB-14BF-4385-88AF-A94BCD4278A1}.Debug|Any CPU.ActiveCfg = Debug|Any CPU
		{A53BC3AB-14BF-4385-88AF-A94BCD4278A1}.Debug|Any CPU.Build.0 = Debug|Any CPU
		{A53BC3AB-14BF-4385-88AF-A94BCD4278A1}.Release|Any CPU.ActiveCfg = Release|Any CPU
		{A53BC3AB-14BF-4385-88AF-A94BCD4278A1}.Release|Any CPU.Build.0 = Release|Any CPU
	EndGlobalSection
	GlobalSection(SolutionProperties) = preSolution
		HideSolutionNode = FALSE
	EndGlobalSection
	GlobalSection(ExtensibilityGlobals) = postSolution
		SolutionGuid = {4E7D4631-73EB-45FB-BF85-5A7212296BC9}
	EndGlobalSection
EndGlobal
